
Microsoft Visual Studio Solution File, Format Version 12.00
# Visual Studio 15
VisualStudioVersion = 15.0.28010.2003
MinimumVisualStudioVersion = 10.0.40219.1
Project("{FAE04EC0-301F-11D3-BF4B-00C04F79EFBC}") = "AGCS", "AGCS\AGCS.csproj", "{3366E17C-676D-4A9E-89C0-287E18C57F3D}"
EndProject
Global
	GlobalSection(SolutionConfigurationPlatforms) = preSolution
		Debug|Any CPU = Debug|Any CPU
		Release|Any CPU = Release|Any CPU
	EndGlobalSection
	GlobalSection(ProjectConfigurationPlatforms) = postSolution
		{3366E17C-676D-4A9E-89C0-287E18C57F3D}.Debug|Any CPU.ActiveCfg = Debug|Any CPU
		{3366E17C-676D-4A9E-89C0-287E18C57F3D}.Debug|Any CPU.Build.0 = Debug|Any CPU
		{3366E17C-676D-4A9E-89C0-287E18C57F3D}.Release|Any CPU.ActiveCfg = Release|Any CPU
		{3366E17C-676D-4A9E-89C0-287E18C57F3D}.Release|Any CPU.Build.0 = Release|Any CPU
	EndGlobalSection
	GlobalSection(SolutionProperties) = preSolution
		HideSolutionNode = FALSE
	EndGlobalSection
	GlobalSection(ExtensibilityGlobals) = postSolution
		SolutionGuid = {0BC62119-A604-4088-8217-C6805158220F}
	EndGlobalSection
EndGlobal
